
Microsoft Visual Studio Solution File, Format Version 12.00
# Visual Studio Version 16
VisualStudioVersion = 16.0.31702.278
MinimumVisualStudioVersion = 10.0.40219.1
Project("{9A19103F-16F7-4668-BE54-9A1E7A4F7556}") = "MyConsole", "MyConsole.csproj", "{81E284C9-EB6B-4FC2-8C77-B81D4CFAFA3C}"
EndProject
Project("{9A19103F-16F7-4668-BE54-9A1E7A4F7556}") = "MyLibrary", "..\MyLibrary\MyLibrary.csproj", "{6FC78D2F-7084-437B-B78B-A8E3EE3FA1CE}"
EndProject
Project("{FAE04EC0-301F-11D3-BF4B-00C04F79EFBC}") = "MyWpfApp", "..\MyWpfApp\MyWpfApp.csproj", "{19BE1EDB-94BF-4762-AD56-ADB4C1F31E66}"
EndProject
Global
	GlobalSection(SolutionConfigurationPlatforms) = preSolution
		Debug|Any CPU = Debug|Any CPU
		Release|Any CPU = Release|Any CPU
	EndGlobalSection
	GlobalSection(ProjectConfigurationPlatforms) = postSolution
		{81E284C9-EB6B-4FC2-8C77-B81D4CFAFA3C}.Debug|Any CPU.ActiveCfg = Debug|Any CPU
		{81E284C9-EB6B-4FC2-8C77-B81D4CFAFA3C}.Debug|Any CPU.Build.0 = Debug|Any CPU
		{81E284C9-EB6B-4FC2-8C77-B81D4CFAFA3C}.Release|Any CPU.ActiveCfg = Release|Any CPU
		{81E284C9-EB6B-4FC2-8C77-B81D4CFAFA3C}.Release|Any CPU.Build.0 = Release|Any CPU
		{6FC78D2F-7084-437B-B78B-A8E3EE3FA1CE}.Debug|Any CPU.ActiveCfg = Debug|Any CPU
		{6FC78D2F-7084-437B-B78B-A8E3EE3FA1CE}.Debug|Any CPU.Build.0 = Debug|Any CPU
		{6FC78D2F-7084-437B-B78B-A8E3EE3FA1CE}.Release|Any CPU.ActiveCfg = Release|Any CPU
		{6FC78D2F-7084-437B-B78B-A8E3EE3FA1CE}.Release|Any CPU.Build.0 = Release|Any CPU
		{19BE1EDB-94BF-4762-AD56-ADB4C1F31E66}.Debug|Any CPU.ActiveCfg = Debug|Any CPU
		{19BE1EDB-94BF-4762-AD56-ADB4C1F31E66}.Debug|Any CPU.Build.0 = Debug|Any CPU
		{19BE1EDB-94BF-4762-AD56-ADB4C1F31E66}.Release|Any CPU.ActiveCfg = Release|Any CPU
		{19BE1EDB-94BF-4762-AD56-ADB4C1F31E66}.Release|Any CPU.Build.0 = Release|Any CPU
	EndGlobalSection
	GlobalSection(SolutionProperties) = preSolution
		HideSolutionNode = FALSE
	EndGlobalSection
	GlobalSection(ExtensibilityGlobals) = postSolution
		SolutionGuid = {283645EA-F15F-410A-ACFA-915E8F7FF519}
	EndGlobalSection
EndGlobal
